// !$*UTF8*$!
{
	archiveVersion = 1;
	classes = {
	};
	objectVersion = 50;
	objects = {

/* Begin PBXBuildFile section */
		282CF3202678452D00FF6FDA /* Test.swift in Sources */ = {isa = PBXBuildFile; fileRef = 282CF31F2678452D00FF6FDA /* Test.swift */; };
		286475892674FEAA00EAC5A8 /* UserStore.swift in Sources */ = {isa = PBXBuildFile; fileRef = 286475882674FEAA00EAC5A8 /* UserStore.swift */; };
		2864758B2674FF3500EAC5A8 /* SearchGithubUserView.swift in Sources */ = {isa = PBXBuildFile; fileRef = 2864758A2674FF3500EAC5A8 /* SearchGithubUserView.swift */; };
		2877B70D2675A9B700A00BD6 /* CustomSearchBarView.swift in Sources */ = {isa = PBXBuildFile; fileRef = 2877B70C2675A9B700A00BD6 /* CustomSearchBarView.swift */; };
		2877B70F267614B100A00BD6 /* UserRipositoryView.swift in Sources */ = {isa = PBXBuildFile; fileRef = 2877B70E267614B100A00BD6 /* UserRipositoryView.swift */; };
		28A13172266BC9220056E848 /* AppDelegate.swift in Sources */ = {isa = PBXBuildFile; fileRef = 28A13171266BC9220056E848 /* AppDelegate.swift */; };
		28A13174266BC9220056E848 /* SceneDelegate.swift in Sources */ = {isa = PBXBuildFile; fileRef = 28A13173266BC9220056E848 /* SceneDelegate.swift */; };
		28A13176266BC9220056E848 /* ContentView.swift in Sources */ = {isa = PBXBuildFile; fileRef = 28A13175266BC9220056E848 /* ContentView.swift */; };
		28A1317B266BC9230056E848 /* Preview Assets.xcassets in Resources */ = {isa = PBXBuildFile; fileRef = 28A1317A266BC9230056E848 /* Preview Assets.xcassets */; };
		28A1317E266BC9230056E848 /* LaunchScreen.storyboard in Resources */ = {isa = PBXBuildFile; fileRef = 28A1317C266BC9230056E848 /* LaunchScreen.storyboard */; };
		28A13189266BC9230056E848 /* OnboardViweTests.swift in Sources */ = {isa = PBXBuildFile; fileRef = 28A13188266BC9230056E848 /* OnboardViweTests.swift */; };
		28A13194266BC9230056E848 /* OnboardViweUITests.swift in Sources */ = {isa = PBXBuildFile; fileRef = 28A13193266BC9230056E848 /* OnboardViweUITests.swift */; };
		28A131AC266CBB710056E848 /* Assets.xcassets in Resources */ = {isa = PBXBuildFile; fileRef = 28A131AB266CBB710056E848 /* Assets.xcassets */; };
		28DC4DC1266FA3DD0006EEFD /* OnboardView.swift in Sources */ = {isa = PBXBuildFile; fileRef = 28DC4DC0266FA3DD0006EEFD /* OnboardView.swift */; };
		28DC4DC3266FA4350006EEFD /* TabViewTraining.swift in Sources */ = {isa = PBXBuildFile; fileRef = 28DC4DC2266FA4350006EEFD /* TabViewTraining.swift */; };
		28DC4DC5266FA45F0006EEFD /* FirstView.swift in Sources */ = {isa = PBXBuildFile; fileRef = 28DC4DC4266FA45F0006EEFD /* FirstView.swift */; };
		28DC4DC7266FA4700006EEFD /* SecondView.swift in Sources */ = {isa = PBXBuildFile; fileRef = 28DC4DC6266FA4700006EEFD /* SecondView.swift */; };
		28FE3B4B267597E200F368D8 /* SearchUser.swift in Sources */ = {isa = PBXBuildFile; fileRef = 28FE3B4A267597E200F368D8 /* SearchUser.swift */; };
/* End PBXBuildFile section */

/* Begin PBXContainerItemProxy section */
		28A13185266BC9230056E848 /* PBXContainerItemProxy */ = {
			isa = PBXContainerItemProxy;
			containerPortal = 28A13166266BC9220056E848 /* Project object */;
			proxyType = 1;
			remoteGlobalIDString = 28A1316D266BC9220056E848;
			remoteInfo = OnboardViwe;
		};
		28A13190266BC9230056E848 /* PBXContainerItemProxy */ = {
			isa = PBXContainerItemProxy;
			containerPortal = 28A13166266BC9220056E848 /* Project object */;
			proxyType = 1;
			remoteGlobalIDString = 28A1316D266BC9220056E848;
			remoteInfo = OnboardViwe;
		};
/* End PBXContainerItemProxy section */

/* Begin PBXFileReference section */
		282CF31F2678452D00FF6FDA /* Test.swift */ = {isa = PBXFileReference; lastKnownFileType = sourcecode.swift; path = Test.swift; sourceTree = "<group>"; };
		286475882674FEAA00EAC5A8 /* UserStore.swift */ = {isa = PBXFileReference; lastKnownFileType = sourcecode.swift; path = UserStore.swift; sourceTree = "<group>"; };
		2864758A2674FF3500EAC5A8 /* SearchGithubUserView.swift */ = {isa = PBXFileReference; lastKnownFileType = sourcecode.swift; path = SearchGithubUserView.swift; sourceTree = "<group>"; };
		2877B70C2675A9B700A00BD6 /* CustomSearchBarView.swift */ = {isa = PBXFileReference; lastKnownFileType = sourcecode.swift; path = CustomSearchBarView.swift; sourceTree = "<group>"; };
		2877B70E267614B100A00BD6 /* UserRipositoryView.swift */ = {isa = PBXFileReference; lastKnownFileType = sourcecode.swift; path = UserRipositoryView.swift; sourceTree = "<group>"; };
		28A1316E266BC9220056E848 /* OnboardViwe.app */ = {isa = PBXFileReference; explicitFileType = wrapper.application; includeInIndex = 0; path = OnboardViwe.app; sourceTree = BUILT_PRODUCTS_DIR; };
		28A13171266BC9220056E848 /* AppDelegate.swift */ = {isa = PBXFileReference; lastKnownFileType = sourcecode.swift; path = AppDelegate.swift; sourceTree = "<group>"; };
		28A13173266BC9220056E848 /* SceneDelegate.swift */ = {isa = PBXFileReference; lastKnownFileType = sourcecode.swift; path = SceneDelegate.swift; sourceTree = "<group>"; };
		28A13175266BC9220056E848 /* ContentView.swift */ = {isa = PBXFileReference; lastKnownFileType = sourcecode.swift; path = ContentView.swift; sourceTree = "<group>"; };
		28A1317A266BC9230056E848 /* Preview Assets.xcassets */ = {isa = PBXFileReference; lastKnownFileType = folder.assetcatalog; path = "Preview Assets.xcassets"; sourceTree = "<group>"; };
		28A1317D266BC9230056E848 /* Base */ = {isa = PBXFileReference; lastKnownFileType = file.storyboard; name = Base; path = Base.lproj/LaunchScreen.storyboard; sourceTree = "<group>"; };
		28A1317F266BC9230056E848 /* Info.plist */ = {isa = PBXFileReference; lastKnownFileType = text.plist.xml; path = Info.plist; sourceTree = "<group>"; };
		28A13184266BC9230056E848 /* OnboardViweTests.xctest */ = {isa = PBXFileReference; explicitFileType = wrapper.cfbundle; includeInIndex = 0; path = OnboardViweTests.xctest; sourceTree = BUILT_PRODUCTS_DIR; };
		28A13188266BC9230056E848 /* OnboardViweTests.swift */ = {isa = PBXFileReference; lastKnownFileType = sourcecode.swift; path = OnboardViweTests.swift; sourceTree = "<group>"; };
		28A1318A266BC9230056E848 /* Info.plist */ = {isa = PBXFileReference; lastKnownFileType = text.plist.xml; path = Info.plist; sourceTree = "<group>"; };
		28A1318F266BC9230056E848 /* OnboardViweUITests.xctest */ = {isa = PBXFileReference; explicitFileType = wrapper.cfbundle; includeInIndex = 0; path = OnboardViweUITests.xctest; sourceTree = BUILT_PRODUCTS_DIR; };
		28A13193266BC9230056E848 /* OnboardViweUITests.swift */ = {isa = PBXFileReference; lastKnownFileType = sourcecode.swift; path = OnboardViweUITests.swift; sourceTree = "<group>"; };
		28A13195266BC9230056E848 /* Info.plist */ = {isa = PBXFileReference; lastKnownFileType = text.plist.xml; path = Info.plist; sourceTree = "<group>"; };
		28A131AB266CBB710056E848 /* Assets.xcassets */ = {isa = PBXFileReference; lastKnownFileType = folder.assetcatalog; path = Assets.xcassets; sourceTree = "<group>"; };
		28DC4DC0266FA3DD0006EEFD /* OnboardView.swift */ = {isa = PBXFileReference; lastKnownFileType = sourcecode.swift; path = OnboardView.swift; sourceTree = "<group>"; };
		28DC4DC2266FA4350006EEFD /* TabViewTraining.swift */ = {isa = PBXFileReference; lastKnownFileType = sourcecode.swift; path = TabViewTraining.swift; sourceTree = "<group>"; };
		28DC4DC4266FA45F0006EEFD /* FirstView.swift */ = {isa = PBXFileReference; lastKnownFileType = sourcecode.swift; path = FirstView.swift; sourceTree = "<group>"; };
		28DC4DC6266FA4700006EEFD /* SecondView.swift */ = {isa = PBXFileReference; lastKnownFileType = sourcecode.swift; path = SecondView.swift; sourceTree = "<group>"; };
		28FE3B4A267597E200F368D8 /* SearchUser.swift */ = {isa = PBXFileReference; lastKnownFileType = sourcecode.swift; path = SearchUser.swift; sourceTree = "<group>"; };
/* End PBXFileReference section */

/* Begin PBXFrameworksBuildPhase section */
		28A1316B266BC9220056E848 /* Frameworks */ = {
			isa = PBXFrameworksBuildPhase;
			buildActionMask = 2147483647;
			files = (
			);
			runOnlyForDeploymentPostprocessing = 0;
		};
		28A13181266BC9230056E848 /* Frameworks */ = {
			isa = PBXFrameworksBuildPhase;
			buildActionMask = 2147483647;
			files = (
			);
			runOnlyForDeploymentPostprocessing = 0;
		};
		28A1318C266BC9230056E848 /* Frameworks */ = {
			isa = PBXFrameworksBuildPhase;
			buildActionMask = 2147483647;
			files = (
			);
			runOnlyForDeploymentPostprocessing = 0;
		};
/* End PBXFrameworksBuildPhase section */

/* Begin PBXGroup section */
		286475852674F96000EAC5A8 /* View */ = {
			isa = PBXGroup;
			children = (
				2864758A2674FF3500EAC5A8 /* SearchGithubUserView.swift */,
				2877B70C2675A9B700A00BD6 /* CustomSearchBarView.swift */,
				2877B70E267614B100A00BD6 /* UserRipositoryView.swift */,
				282CF31F2678452D00FF6FDA /* Test.swift */,
				28DC4DC0266FA3DD0006EEFD /* OnboardView.swift */,
				28DC4DC4266FA45F0006EEFD /* FirstView.swift */,
				28DC4DC6266FA4700006EEFD /* SecondView.swift */,
				28DC4DC2266FA4350006EEFD /* TabViewTraining.swift */,
			);
			path = View;
			sourceTree = "<group>";
		};
		286475862674F96B00EAC5A8 /* Model */ = {
			isa = PBXGroup;
			children = (
				286475882674FEAA00EAC5A8 /* UserStore.swift */,
			);
			path = Model;
			sourceTree = "<group>";
		};
		286475872674F97A00EAC5A8 /* ViewModel */ = {
			isa = PBXGroup;
			children = (
				28FE3B4A267597E200F368D8 /* SearchUser.swift */,
			);
			path = ViewModel;
			sourceTree = "<group>";
		};
		28A13165266BC9220056E848 = {
			isa = PBXGroup;
			children = (
				28A13170266BC9220056E848 /* OnboardViwe */,
				28A13187266BC9230056E848 /* OnboardViweTests */,
				28A13192266BC9230056E848 /* OnboardViweUITests */,
				28A1316F266BC9220056E848 /* Products */,
			);
			sourceTree = "<group>";
		};
		28A1316F266BC9220056E848 /* Products */ = {
			isa = PBXGroup;
			children = (
				28A1316E266BC9220056E848 /* OnboardViwe.app */,
				28A13184266BC9230056E848 /* OnboardViweTests.xctest */,
				28A1318F266BC9230056E848 /* OnboardViweUITests.xctest */,
			);
			name = Products;
			sourceTree = "<group>";
		};
		28A13170266BC9220056E848 /* OnboardViwe */ = {
			isa = PBXGroup;
			children = (
				28A13171266BC9220056E848 /* AppDelegate.swift */,
				28A13173266BC9220056E848 /* SceneDelegate.swift */,
				28A13175266BC9220056E848 /* ContentView.swift */,
				286475862674F96B00EAC5A8 /* Model */,
				286475872674F97A00EAC5A8 /* ViewModel */,
				286475852674F96000EAC5A8 /* View */,
				28A1317C266BC9230056E848 /* LaunchScreen.storyboard */,
				28A1317F266BC9230056E848 /* Info.plist */,
				28A131AB266CBB710056E848 /* Assets.xcassets */,
				28A13179266BC9230056E848 /* Preview Content */,
			);
			path = OnboardViwe;
			sourceTree = "<group>";
		};
		28A13179266BC9230056E848 /* Preview Content */ = {
			isa = PBXGroup;
			children = (
				28A1317A266BC9230056E848 /* Preview Assets.xcassets */,
			);
			path = "Preview Content";
			sourceTree = "<group>";
		};
		28A13187266BC9230056E848 /* OnboardViweTests */ = {
			isa = PBXGroup;
			children = (
				28A13188266BC9230056E848 /* OnboardViweTests.swift */,
				28A1318A266BC9230056E848 /* Info.plist */,
			);
			path = OnboardViweTests;
			sourceTree = "<group>";
		};
		28A13192266BC9230056E848 /* OnboardViweUITests */ = {
			isa = PBXGroup;
			children = (
				28A13193266BC9230056E848 /* OnboardViweUITests.swift */,
				28A13195266BC9230056E848 /* Info.plist */,
			);
			path = OnboardViweUITests;
			sourceTree = "<group>";
		};
/* End PBXGroup section */

/* Begin PBXNativeTarget section */
		28A1316D266BC9220056E848 /* OnboardViwe */ = {
			isa = PBXNativeTarget;
			buildConfigurationList = 28A13198266BC9230056E848 /* Build configuration list for PBXNativeTarget "OnboardViwe" */;
			buildPhases = (
				28A1316A266BC9220056E848 /* Sources */,
				28A1316B266BC9220056E848 /* Frameworks */,
				28A1316C266BC9220056E848 /* Resources */,
			);
			buildRules = (
			);
			dependencies = (
			);
			name = OnboardViwe;
			productName = OnboardViwe;
			productReference = 28A1316E266BC9220056E848 /* OnboardViwe.app */;
			productType = "com.apple.product-type.application";
		};
		28A13183266BC9230056E848 /* OnboardViweTests */ = {
			isa = PBXNativeTarget;
			buildConfigurationList = 28A1319B266BC9230056E848 /* Build configuration list for PBXNativeTarget "OnboardViweTests" */;
			buildPhases = (
				28A13180266BC9230056E848 /* Sources */,
				28A13181266BC9230056E848 /* Frameworks */,
				28A13182266BC9230056E848 /* Resources */,
			);
			buildRules = (
			);
			dependencies = (
				28A13186266BC9230056E848 /* PBXTargetDependency */,
			);
			name = OnboardViweTests;
			productName = OnboardViweTests;
			productReference = 28A13184266BC9230056E848 /* OnboardViweTests.xctest */;
			productType = "com.apple.product-type.bundle.unit-test";
		};
		28A1318E266BC9230056E848 /* OnboardViweUITests */ = {
			isa = PBXNativeTarget;
			buildConfigurationList = 28A1319E266BC9230056E848 /* Build configuration list for PBXNativeTarget "OnboardViweUITests" */;
			buildPhases = (
				28A1318B266BC9230056E848 /* Sources */,
				28A1318C266BC9230056E848 /* Frameworks */,
				28A1318D266BC9230056E848 /* Resources */,
			);
			buildRules = (
			);
			dependencies = (
				28A13191266BC9230056E848 /* PBXTargetDependency */,
			);
			name = OnboardViweUITests;
			productName = OnboardViweUITests;
			productReference = 28A1318F266BC9230056E848 /* OnboardViweUITests.xctest */;
			productType = "com.apple.product-type.bundle.ui-testing";
		};
/* End PBXNativeTarget section */

/* Begin PBXProject section */
		28A13166266BC9220056E848 /* Project object */ = {
			isa = PBXProject;
			attributes = {
				LastSwiftUpdateCheck = 1250;
				LastUpgradeCheck = 1250;
				TargetAttributes = {
					28A1316D266BC9220056E848 = {
						CreatedOnToolsVersion = 12.5;
					};
					28A13183266BC9230056E848 = {
						CreatedOnToolsVersion = 12.5;
						TestTargetID = 28A1316D266BC9220056E848;
					};
					28A1318E266BC9230056E848 = {
						CreatedOnToolsVersion = 12.5;
						TestTargetID = 28A1316D266BC9220056E848;
					};
				};
			};
			buildConfigurationList = 28A13169266BC9220056E848 /* Build configuration list for PBXProject "OnboardViwe" */;
			compatibilityVersion = "Xcode 9.3";
			developmentRegion = en;
			hasScannedForEncodings = 0;
			knownRegions = (
				en,
				Base,
			);
			mainGroup = 28A13165266BC9220056E848;
			productRefGroup = 28A1316F266BC9220056E848 /* Products */;
			projectDirPath = "";
			projectRoot = "";
			targets = (
				28A1316D266BC9220056E848 /* OnboardViwe */,
				28A13183266BC9230056E848 /* OnboardViweTests */,
				28A1318E266BC9230056E848 /* OnboardViweUITests */,
			);
		};
/* End PBXProject section */

/* Begin PBXResourcesBuildPhase section */
		28A1316C266BC9220056E848 /* Resources */ = {
			isa = PBXResourcesBuildPhase;
			buildActionMask = 2147483647;
			files = (
				28A1317E266BC9230056E848 /* LaunchScreen.storyboard in Resources */,
				28A131AC266CBB710056E848 /* Assets.xcassets in Resources */,
				28A1317B266BC9230056E848 /* Preview Assets.xcassets in Resources */,
			);
			runOnlyForDeploymentPostprocessing = 0;
		};
		28A13182266BC9230056E848 /* Resources */ = {
			isa = PBXResourcesBuildPhase;
			buildActionMask = 2147483647;
			files = (
			);
			runOnlyForDeploymentPostprocessing = 0;
		};
		28A1318D266BC9230056E848 /* Resources */ = {
			isa = PBXResourcesBuildPhase;
			buildActionMask = 2147483647;
			files = (
			);
			runOnlyForDeploymentPostprocessing = 0;
		};
/* End PBXResourcesBuildPhase section */

/* Begin PBXSourcesBuildPhase section */
		28A1316A266BC9220056E848 /* Sources */ = {
			isa = PBXSourcesBuildPhase;
			buildActionMask = 2147483647;
			files = (
				28DC4DC7266FA4700006EEFD /* SecondView.swift in Sources */,
				2877B70F267614B100A00BD6 /* UserRipositoryView.swift in Sources */,
				28DC4DC1266FA3DD0006EEFD /* OnboardView.swift in Sources */,
				282CF3202678452D00FF6FDA /* Test.swift in Sources */,
				28DC4DC5266FA45F0006EEFD /* FirstView.swift in Sources */,
				28FE3B4B267597E200F368D8 /* SearchUser.swift in Sources */,
				2877B70D2675A9B700A00BD6 /* CustomSearchBarView.swift in Sources */,
				28A13172266BC9220056E848 /* AppDelegate.swift in Sources */,
				28A13174266BC9220056E848 /* SceneDelegate.swift in Sources */,
				28A13176266BC9220056E848 /* ContentView.swift in Sources */,
				286475892674FEAA00EAC5A8 /* UserStore.swift in Sources */,
				2864758B2674FF3500EAC5A8 /* SearchGithubUserView.swift in Sources */,
				28DC4DC3266FA4350006EEFD /* TabViewTraining.swift in Sources */,
			);
			runOnlyForDeploymentPostprocessing = 0;
		};
		28A13180266BC9230056E848 /* Sources */ = {
			isa = PBXSourcesBuildPhase;
			buildActionMask = 2147483647;
			files = (
				28A13189266BC9230056E848 /* OnboardViweTests.swift in Sources */,
			);
			runOnlyForDeploymentPostprocessing = 0;
		};
		28A1318B266BC9230056E848 /* Sources */ = {
			isa = PBXSourcesBuildPhase;
			buildActionMask = 2147483647;
			files = (
				28A13194266BC9230056E848 /* OnboardViweUITests.swift in Sources */,
			);
			runOnlyForDeploymentPostprocessing = 0;
		};
/* End PBXSourcesBuildPhase section */

/* Begin PBXTargetDependency section */
		28A13186266BC9230056E848 /* PBXTargetDependency */ = {
			isa = PBXTargetDependency;
			target = 28A1316D266BC9220056E848 /* OnboardViwe */;
			targetProxy = 28A13185266BC9230056E848 /* PBXContainerItemProxy */;
		};
		28A13191266BC9230056E848 /* PBXTargetDependency */ = {
			isa = PBXTargetDependency;
			target = 28A1316D266BC9220056E848 /* OnboardViwe */;
			targetProxy = 28A13190266BC9230056E848 /* PBXContainerItemProxy */;
		};
/* End PBXTargetDependency section */

/* Begin PBXVariantGroup section */
		28A1317C266BC9230056E848 /* LaunchScreen.storyboard */ = {
			isa = PBXVariantGroup;
			children = (
				28A1317D266BC9230056E848 /* Base */,
			);
			name = LaunchScreen.storyboard;
			sourceTree = "<group>";
		};
/* End PBXVariantGroup section */

/* Begin XCBuildConfiguration section */
		28A13196266BC9230056E848 /* Debug */ = {
			isa = XCBuildConfiguration;
			buildSettings = {
				ALWAYS_SEARCH_USER_PATHS = NO;
				CLANG_ANALYZER_NONNULL = YES;
				CLANG_ANALYZER_NUMBER_OBJECT_CONVERSION = YES_AGGRESSIVE;
				CLANG_CXX_LANGUAGE_STANDARD = "gnu++14";
				CLANG_CXX_LIBRARY = "libc++";
				CLANG_ENABLE_MODULES = YES;
				CLANG_ENABLE_OBJC_ARC = YES;
				CLANG_ENABLE_OBJC_WEAK = YES;
				CLANG_WARN_BLOCK_CAPTURE_AUTORELEASING = YES;
				CLANG_WARN_BOOL_CONVERSION = YES;
				CLANG_WARN_COMMA = YES;
				CLANG_WARN_CONSTANT_CONVERSION = YES;
				CLANG_WARN_DEPRECATED_OBJC_IMPLEMENTATIONS = YES;
				CLANG_WARN_DIRECT_OBJC_ISA_USAGE = YES_ERROR;
				CLANG_WARN_DOCUMENTATION_COMMENTS = YES;
				CLANG_WARN_EMPTY_BODY = YES;
				CLANG_WARN_ENUM_CONVERSION = YES;
				CLANG_WARN_INFINITE_RECURSION = YES;
				CLANG_WARN_INT_CONVERSION = YES;
				CLANG_WARN_NON_LITERAL_NULL_CONVERSION = YES;
				CLANG_WARN_OBJC_IMPLICIT_RETAIN_SELF = YES;
				CLANG_WARN_OBJC_LITERAL_CONVERSION = YES;
				CLANG_WARN_OBJC_ROOT_CLASS = YES_ERROR;
				CLANG_WARN_QUOTED_INCLUDE_IN_FRAMEWORK_HEADER = YES;
				CLANG_WARN_RANGE_LOOP_ANALYSIS = YES;
				CLANG_WARN_STRICT_PROTOTYPES = YES;
				CLANG_WARN_SUSPICIOUS_MOVE = YES;
				CLANG_WARN_UNGUARDED_AVAILABILITY = YES_AGGRESSIVE;
				CLANG_WARN_UNREACHABLE_CODE = YES;
				CLANG_WARN__DUPLICATE_METHOD_MATCH = YES;
				COPY_PHASE_STRIP = NO;
				DEBUG_INFORMATION_FORMAT = dwarf;
				ENABLE_STRICT_OBJC_MSGSEND = YES;
				ENABLE_TESTABILITY = YES;
				GCC_C_LANGUAGE_STANDARD = gnu11;
				GCC_DYNAMIC_NO_PIC = NO;
				GCC_NO_COMMON_BLOCKS = YES;
				GCC_OPTIMIZATION_LEVEL = 0;
				GCC_PREPROCESSOR_DEFINITIONS = (
					"DEBUG=1",
					"$(inherited)",
				);
				GCC_WARN_64_TO_32_BIT_CONVERSION = YES;
				GCC_WARN_ABOUT_RETURN_TYPE = YES_ERROR;
				GCC_WARN_UNDECLARED_SELECTOR = YES;
				GCC_WARN_UNINITIALIZED_AUTOS = YES_AGGRESSIVE;
				GCC_WARN_UNUSED_FUNCTION = YES;
				GCC_WARN_UNUSED_VARIABLE = YES;
				IPHONEOS_DEPLOYMENT_TARGET = 14.5;
				MTL_ENABLE_DEBUG_INFO = INCLUDE_SOURCE;
				MTL_FAST_MATH = YES;
				ONLY_ACTIVE_ARCH = YES;
				SDKROOT = iphoneos;
				SWIFT_ACTIVE_COMPILATION_CONDITIONS = DEBUG;
				SWIFT_OPTIMIZATION_LEVEL = "-Onone";
			};
			name = Debug;
		};
		28A13197266BC9230056E848 /* Release */ = {
			isa = XCBuildConfiguration;
			buildSettings = {
				ALWAYS_SEARCH_USER_PATHS = NO;
				CLANG_ANALYZER_NONNULL = YES;
				CLANG_ANALYZER_NUMBER_OBJECT_CONVERSION = YES_AGGRESSIVE;
				CLANG_CXX_LANGUAGE_STANDARD = "gnu++14";
				CLANG_CXX_LIBRARY = "libc++";
				CLANG_ENABLE_MODULES = YES;
				CLANG_ENABLE_OBJC_ARC = YES;
				CLANG_ENABLE_OBJC_WEAK = YES;
				CLANG_WARN_BLOCK_CAPTURE_AUTORELEASING = YES;
				CLANG_WARN_BOOL_CONVERSION = YES;
				CLANG_WARN_COMMA = YES;
				CLANG_WARN_CONSTANT_CONVERSION = YES;
				CLANG_WARN_DEPRECATED_OBJC_IMPLEMENTATIONS = YES;
				CLANG_WARN_DIRECT_OBJC_ISA_USAGE = YES_ERROR;
				CLANG_WARN_DOCUMENTATION_COMMENTS = YES;
				CLANG_WARN_EMPTY_BODY = YES;
				CLANG_WARN_ENUM_CONVERSION = YES;
				CLANG_WARN_INFINITE_RECURSION = YES;
				CLANG_WARN_INT_CONVERSION = YES;
				CLANG_WARN_NON_LITERAL_NULL_CONVERSION = YES;
				CLANG_WARN_OBJC_IMPLICIT_RETAIN_SELF = YES;
				CLANG_WARN_OBJC_LITERAL_CONVERSION = YES;
				CLANG_WARN_OBJC_ROOT_CLASS = YES_ERROR;
				CLANG_WARN_QUOTED_INCLUDE_IN_FRAMEWORK_HEADER = YES;
				CLANG_WARN_RANGE_LOOP_ANALYSIS = YES;
				CLANG_WARN_STRICT_PROTOTYPES = YES;
				CLANG_WARN_SUSPICIOUS_MOVE = YES;
				CLANG_WARN_UNGUARDED_AVAILABILITY = YES_AGGRESSIVE;
				CLANG_WARN_UNREACHABLE_CODE = YES;
				CLANG_WARN__DUPLICATE_METHOD_MATCH = YES;
				COPY_PHASE_STRIP = NO;
				DEBUG_INFORMATION_FORMAT = "dwarf-with-dsym";
				ENABLE_NS_ASSERTIONS = NO;
				ENABLE_STRICT_OBJC_MSGSEND = YES;
				GCC_C_LANGUAGE_STANDARD = gnu11;
				GCC_NO_COMMON_BLOCKS = YES;
				GCC_WARN_64_TO_32_BIT_CONVERSION = YES;
				GCC_WARN_ABOUT_RETURN_TYPE = YES_ERROR;
				GCC_WARN_UNDECLARED_SELECTOR = YES;
				GCC_WARN_UNINITIALIZED_AUTOS = YES_AGGRESSIVE;
				GCC_WARN_UNUSED_FUNCTION = YES;
				GCC_WARN_UNUSED_VARIABLE = YES;
				IPHONEOS_DEPLOYMENT_TARGET = 14.5;
				MTL_ENABLE_DEBUG_INFO = NO;
				MTL_FAST_MATH = YES;
				SDKROOT = iphoneos;
				SWIFT_COMPILATION_MODE = wholemodule;
				SWIFT_OPTIMIZATION_LEVEL = "-O";
				VALIDATE_PRODUCT = YES;
			};
			name = Release;
		};
		28A13199266BC9230056E848 /* Debug */ = {
			isa = XCBuildConfiguration;
			buildSettings = {
				ASSETCATALOG_COMPILER_GLOBAL_ACCENT_COLOR_NAME = AccentColor;
				CODE_SIGN_STYLE = Automatic;
				DEVELOPMENT_ASSET_PATHS = "\"OnboardViwe/Preview Content\"";
				DEVELOPMENT_TEAM = NKLMM8NS64;
				ENABLE_PREVIEWS = YES;
				INFOPLIST_FILE = OnboardViwe/Info.plist;
				LD_RUNPATH_SEARCH_PATHS = (
					"$(inherited)",
					"@executable_path/Frameworks",
				);
				PRODUCT_BUNDLE_IDENTIFIER = com.gmail.yu.j.0513.OnboardViwe;
				PRODUCT_NAME = "$(TARGET_NAME)";
				SWIFT_VERSION = 5.0;
				TARGETED_DEVICE_FAMILY = "1,2";
			};
			name = Debug;
		};
		28A1319A266BC9230056E848 /* Release */ = {
			isa = XCBuildConfiguration;
			buildSettings = {
				ASSETCATALOG_COMPILER_GLOBAL_ACCENT_COLOR_NAME = AccentColor;
				CODE_SIGN_STYLE = Automatic;
				DEVELOPMENT_ASSET_PATHS = "\"OnboardViwe/Preview Content\"";
				DEVELOPMENT_TEAM = NKLMM8NS64;
				ENABLE_PREVIEWS = YES;
				INFOPLIST_FILE = OnboardViwe/Info.plist;
				LD_RUNPATH_SEARCH_PATHS = (
					"$(inherited)",
					"@executable_path/Frameworks",
				);
				PRODUCT_BUNDLE_IDENTIFIER = com.gmail.yu.j.0513.OnboardViwe;
				PRODUCT_NAME = "$(TARGET_NAME)";
				SWIFT_VERSION = 5.0;
				TARGETED_DEVICE_FAMILY = "1,2";
			};
			name = Release;
		};
		28A1319C266BC9230056E848 /* Debug */ = {
			isa = XCBuildConfiguration;
			buildSettings = {
				ALWAYS_EMBED_SWIFT_STANDARD_LIBRARIES = YES;
				BUNDLE_LOADER = "$(TEST_HOST)";
				CODE_SIGN_STYLE = Automatic;
				DEVELOPMENT_TEAM = NKLMM8NS64;
				INFOPLIST_FILE = OnboardViweTests/Info.plist;
				IPHONEOS_DEPLOYMENT_TARGET = 14.5;
				LD_RUNPATH_SEARCH_PATHS = (
					"$(inherited)",
					"@executable_path/Frameworks",
					"@loader_path/Frameworks",
				);
				PRODUCT_BUNDLE_IDENTIFIER = com.gmail.yu.j.0513.OnboardViweTests;
				PRODUCT_NAME = "$(TARGET_NAME)";
				SWIFT_VERSION = 5.0;
				TARGETED_DEVICE_FAMILY = "1,2";
				TEST_HOST = "$(BUILT_PRODUCTS_DIR)/OnboardViwe.app/OnboardViwe";
			};
			name = Debug;
		};
		28A1319D266BC9230056E848 /* Release */ = {
			isa = XCBuildConfiguration;
			buildSettings = {
				ALWAYS_EMBED_SWIFT_STANDARD_LIBRARIES = YES;
				BUNDLE_LOADER = "$(TEST_HOST)";
				CODE_SIGN_STYLE = Automatic;
				DEVELOPMENT_TEAM = NKLMM8NS64;
				INFOPLIST_FILE = OnboardViweTests/Info.plist;
				IPHONEOS_DEPLOYMENT_TARGET = 14.5;
				LD_RUNPATH_SEARCH_PATHS = (
					"$(inherited)",
					"@executable_path/Frameworks",
					"@loader_path/Frameworks",
				);
				PRODUCT_BUNDLE_IDENTIFIER = com.gmail.yu.j.0513.OnboardViweTests;
				PRODUCT_NAME = "$(TARGET_NAME)";
				SWIFT_VERSION = 5.0;
				TARGETED_DEVICE_FAMILY = "1,2";
				TEST_HOST = "$(BUILT_PRODUCTS_DIR)/OnboardViwe.app/OnboardViwe";
			};
			name = Release;
		};
		28A1319F266BC9230056E848 /* Debug */ = {
			isa = XCBuildConfiguration;
			buildSettings = {
				ALWAYS_EMBED_SWIFT_STANDARD_LIBRARIES = YES;
				CODE_SIGN_STYLE = Automatic;
				DEVELOPMENT_TEAM = NKLMM8NS64;
				INFOPLIST_FILE = OnboardViweUITests/Info.plist;
				LD_RUNPATH_SEARCH_PATHS = (
					"$(inherited)",
					"@executable_path/Frameworks",
					"@loader_path/Frameworks",
				);
				PRODUCT_BUNDLE_IDENTIFIER = com.gmail.yu.j.0513.OnboardViweUITests;
				PRODUCT_NAME = "$(TARGET_NAME)";
				SWIFT_VERSION = 5.0;
				TARGETED_DEVICE_FAMILY = "1,2";
				TEST_TARGET_NAME = OnboardViwe;
			};
			name = Debug;
		};
		28A131A0266BC9230056E848 /* Release */ = {
			isa = XCBuildConfiguration;
			buildSettings = {
				ALWAYS_EMBED_SWIFT_STANDARD_LIBRARIES = YES;
				CODE_SIGN_STYLE = Automatic;
				DEVELOPMENT_TEAM = NKLMM8NS64;
				INFOPLIST_FILE = OnboardViweUITests/Info.plist;
				LD_RUNPATH_SEARCH_PATHS = (
					"$(inherited)",
					"@executable_path/Frameworks",
					"@loader_path/Frameworks",
				);
				PRODUCT_BUNDLE_IDENTIFIER = com.gmail.yu.j.0513.OnboardViweUITests;
				PRODUCT_NAME = "$(TARGET_NAME)";
				SWIFT_VERSION = 5.0;
				TARGETED_DEVICE_FAMILY = "1,2";
				TEST_TARGET_NAME = OnboardViwe;
			};
			name = Release;
		};
/* End XCBuildConfiguration section */

/* Begin XCConfigurationList section */
		28A13169266BC9220056E848 /* Build configuration list for PBXProject "OnboardViwe" */ = {
			isa = XCConfigurationList;
			buildConfigurations = (
				28A13196266BC9230056E848 /* Debug */,
				28A13197266BC9230056E848 /* Release */,
			);
			defaultConfigurationIsVisible = 0;
			defaultConfigurationName = Release;
		};
		28A13198266BC9230056E848 /* Build configuration list for PBXNativeTarget "OnboardViwe" */ = {
			isa = XCConfigurationList;
			buildConfigurations = (
				28A13199266BC9230056E848 /* Debug */,
				28A1319A266BC9230056E848 /* Release */,
			);
			defaultConfigurationIsVisible = 0;
			defaultConfigurationName = Release;
		};
		28A1319B266BC9230056E848 /* Build configuration list for PBXNativeTarget "OnboardViweTests" */ = {
			isa = XCConfigurationList;
			buildConfigurations = (
				28A1319C266BC9230056E848 /* Debug */,
				28A1319D266BC9230056E848 /* Release */,
			);
			defaultConfigurationIsVisible = 0;
			defaultConfigurationName = Release;
		};
		28A1319E266BC9230056E848 /* Build configuration list for PBXNativeTarget "OnboardViweUITests" */ = {
			isa = XCConfigurationList;
			buildConfigurations = (
				28A1319F266BC9230056E848 /* Debug */,
				28A131A0266BC9230056E848 /* Release */,
			);
			defaultConfigurationIsVisible = 0;
			defaultConfigurationName = Release;
		};
/* End XCConfigurationList section */
	};
	rootObject = 28A13166266BC9220056E848 /* Project object */;
}
